// !$*UTF8*$!
{
	archiveVersion = 1;
	classes = {
	};
	objectVersion = 46;
	objects = {

/* Begin PBXBuildFile section */
		A94F9BB0183B730900C0F705 /* Foundation.framework in Frameworks */ = {isa = PBXBuildFile; fileRef = A94F9BAF183B730900C0F705 /* Foundation.framework */; };
		A94F9BB2183B730900C0F705 /* CoreGraphics.framework in Frameworks */ = {isa = PBXBuildFile; fileRef = A94F9BB1183B730900C0F705 /* CoreGraphics.framework */; };
		A94F9BB4183B730900C0F705 /* UIKit.framework in Frameworks */ = {isa = PBXBuildFile; fileRef = A94F9BB3183B730900C0F705 /* UIKit.framework */; };
		A94F9BBA183B730900C0F705 /* InfoPlist.strings in Resources */ = {isa = PBXBuildFile; fileRef = A94F9BB8183B730900C0F705 /* InfoPlist.strings */; };
		A94F9BBC183B730900C0F705 /* main.m in Sources */ = {isa = PBXBuildFile; fileRef = A94F9BBB183B730900C0F705 /* main.m */; };
		A94F9BC0183B730900C0F705 /* QXAppDelegate.m in Sources */ = {isa = PBXBuildFile; fileRef = A94F9BBF183B730900C0F705 /* QXAppDelegate.m */; };
		A94F9BC3183B730900C0F705 /* Main.storyboard in Resources */ = {isa = PBXBuildFile; fileRef = A94F9BC1183B730900C0F705 /* Main.storyboard */; };
		A94F9BC6183B730900C0F705 /* QXViewController.m in Sources */ = {isa = PBXBuildFile; fileRef = A94F9BC5183B730900C0F705 /* QXViewController.m */; };
		A94F9BC8183B730900C0F705 /* Images.xcassets in Resources */ = {isa = PBXBuildFile; fileRef = A94F9BC7183B730900C0F705 /* Images.xcassets */; };
		A94F9BCF183B730A00C0F705 /* XCTest.framework in Frameworks */ = {isa = PBXBuildFile; fileRef = A94F9BCE183B730A00C0F705 /* XCTest.framework */; };
		A94F9BD0183B730A00C0F705 /* Foundation.framework in Frameworks */ = {isa = PBXBuildFile; fileRef = A94F9BAF183B730900C0F705 /* Foundation.framework */; };
		A94F9BD1183B730A00C0F705 /* UIKit.framework in Frameworks */ = {isa = PBXBuildFile; fileRef = A94F9BB3183B730900C0F705 /* UIKit.framework */; };
		A94F9BD9183B730A00C0F705 /* InfoPlist.strings in Resources */ = {isa = PBXBuildFile; fileRef = A94F9BD7183B730A00C0F705 /* InfoPlist.strings */; };
		A94F9BDB183B730A00C0F705 /* AlertTests.m in Sources */ = {isa = PBXBuildFile; fileRef = A94F9BDA183B730A00C0F705 /* AlertTests.m */; };
/* End PBXBuildFile section */

/* Begin PBXContainerItemProxy section */
		A94F9BD2183B730A00C0F705 /* PBXContainerItemProxy */ = {
			isa = PBXContainerItemProxy;
			containerPortal = A94F9BA4183B730900C0F705 /* Project object */;
			proxyType = 1;
			remoteGlobalIDString = A94F9BAB183B730900C0F705;
			remoteInfo = Alert;
		};
/* End PBXContainerItemProxy section */

/* Begin PBXFileReference section */
		A94F9BAC183B730900C0F705 /* Alert.app */ = {isa = PBXFileReference; explicitFileType = wrapper.application; includeInIndex = 0; path = Alert.app; sourceTree = BUILT_PRODUCTS_DIR; };
		A94F9BAF183B730900C0F705 /* Foundation.framework */ = {isa = PBXFileReference; lastKnownFileType = wrapper.framework; name = Foundation.framework; path = System/Library/Frameworks/Foundation.framework; sourceTree = SDKROOT; };
		A94F9BB1183B730900C0F705 /* CoreGraphics.framework */ = {isa = PBXFileReference; lastKnownFileType = wrapper.framework; name = CoreGraphics.framework; path = System/Library/Frameworks/CoreGraphics.framework; sourceTree = SDKROOT; };
		A94F9BB3183B730900C0F705 /* UIKit.framework */ = {isa = PBXFileReference; lastKnownFileType = wrapper.framework; name = UIKit.framework; path = System/Library/Frameworks/UIKit.framework; sourceTree = SDKROOT; };
		A94F9BB7183B730900C0F705 /* Alert-Info.plist */ = {isa = PBXFileReference; lastKnownFileType = text.plist.xml; path = "Alert-Info.plist"; sourceTree = "<group>"; };
		A94F9BB9183B730900C0F705 /* en */ = {isa = PBXFileReference; lastKnownFileType = text.plist.strings; name = en; path = en.lproj/InfoPlist.strings; sourceTree = "<group>"; };
		A94F9BBB183B730900C0F705 /* main.m */ = {isa = PBXFileReference; lastKnownFileType = sourcecode.c.objc; path = main.m; sourceTree = "<group>"; };
		A94F9BBD183B730900C0F705 /* Alert-Prefix.pch */ = {isa = PBXFileReference; lastKnownFileType = sourcecode.c.h; path = "Alert-Prefix.pch"; sourceTree = "<group>"; };
		A94F9BBE183B730900C0F705 /* QXAppDelegate.h */ = {isa = PBXFileReference; lastKnownFileType = sourcecode.c.h; path = QXAppDelegate.h; sourceTree = "<group>"; };
		A94F9BBF183B730900C0F705 /* QXAppDelegate.m */ = {isa = PBXFileReference; lastKnownFileType = sourcecode.c.objc; path = QXAppDelegate.m; sourceTree = "<group>"; };
		A94F9BC2183B730900C0F705 /* Base */ = {isa = PBXFileReference; lastKnownFileType = file.storyboard; name = Base; path = Base.lproj/Main.storyboard; sourceTree = "<group>"; };
		A94F9BC4183B730900C0F705 /* QXViewController.h */ = {isa = PBXFileReference; lastKnownFileType = sourcecode.c.h; path = QXViewController.h; sourceTree = "<group>"; };
		A94F9BC5183B730900C0F705 /* QXViewController.m */ = {isa = PBXFileReference; lastKnownFileType = sourcecode.c.objc; path = QXViewController.m; sourceTree = "<group>"; };
		A94F9BC7183B730900C0F705 /* Images.xcassets */ = {isa = PBXFileReference; lastKnownFileType = folder.assetcatalog; path = Images.xcassets; sourceTree = "<group>"; };
		A94F9BCD183B730A00C0F705 /* AlertTests.xctest */ = {isa = PBXFileReference; explicitFileType = wrapper.cfbundle; includeInIndex = 0; path = AlertTests.xctest; sourceTree = BUILT_PRODUCTS_DIR; };
		A94F9BCE183B730A00C0F705 /* XCTest.framework */ = {isa = PBXFileReference; lastKnownFileType = wrapper.framework; name = XCTest.framework; path = Library/Frameworks/XCTest.framework; sourceTree = DEVELOPER_DIR; };
		A94F9BD6183B730A00C0F705 /* AlertTests-Info.plist */ = {isa = PBXFileReference; lastKnownFileType = text.plist.xml; path = "AlertTests-Info.plist"; sourceTree = "<group>"; };
		A94F9BD8183B730A00C0F705 /* en */ = {isa = PBXFileReference; lastKnownFileType = text.plist.strings; name = en; path = en.lproj/InfoPlist.strings; sourceTree = "<group>"; };
		A94F9BDA183B730A00C0F705 /* AlertTests.m */ = {isa = PBXFileReference; lastKnownFileType = sourcecode.c.objc; path = AlertTests.m; sourceTree = "<group>"; };
/* End PBXFileReference section */

/* Begin PBXFrameworksBuildPhase section */
		A94F9BA9183B730900C0F705 /* Frameworks */ = {
			isa = PBXFrameworksBuildPhase;
			buildActionMask = 2147483647;
			files = (
				A94F9BB2183B730900C0F705 /* CoreGraphics.framework in Frameworks */,
				A94F9BB4183B730900C0F705 /* UIKit.framework in Frameworks */,
				A94F9BB0183B730900C0F705 /* Foundation.framework in Frameworks */,
			);
			runOnlyForDeploymentPostprocessing = 0;
		};
		A94F9BCA183B730A00C0F705 /* Frameworks */ = {
			isa = PBXFrameworksBuildPhase;
			buildActionMask = 2147483647;
			files = (
				A94F9BCF183B730A00C0F705 /* XCTest.framework in Frameworks */,
				A94F9BD1183B730A00C0F705 /* UIKit.framework in Frameworks */,
				A94F9BD0183B730A00C0F705 /* Foundation.framework in Frameworks */,
			);
			runOnlyForDeploymentPostprocessing = 0;
		};
/* End PBXFrameworksBuildPhase section */

/* Begin PBXGroup section */
		A94F9BA3183B730900C0F705 = {
			isa = PBXGroup;
			children = (
				A94F9BB5183B730900C0F705 /* Alert */,
				A94F9BD4183B730A00C0F705 /* AlertTests */,
				A94F9BAE183B730900C0F705 /* Frameworks */,
				A94F9BAD183B730900C0F705 /* Products */,
			);
			sourceTree = "<group>";
		};
		A94F9BAD183B730900C0F705 /* Products */ = {
			isa = PBXGroup;
			children = (
				A94F9BAC183B730900C0F705 /* Alert.app */,
				A94F9BCD183B730A00C0F705 /* AlertTests.xctest */,
			);
			name = Products;
			sourceTree = "<group>";
		};
		A94F9BAE183B730900C0F705 /* Frameworks */ = {
			isa = PBXGroup;
			children = (
				A94F9BAF183B730900C0F705 /* Foundation.framework */,
				A94F9BB1183B730900C0F705 /* CoreGraphics.framework */,
				A94F9BB3183B730900C0F705 /* UIKit.framework */,
				A94F9BCE183B730A00C0F705 /* XCTest.framework */,
			);
			name = Frameworks;
			sourceTree = "<group>";
		};
		A94F9BB5183B730900C0F705 /* Alert */ = {
			isa = PBXGroup;
			children = (
				A94F9BBE183B730900C0F705 /* QXAppDelegate.h */,
				A94F9BBF183B730900C0F705 /* QXAppDelegate.m */,
				A94F9BC1183B730900C0F705 /* Main.storyboard */,
				A94F9BC4183B730900C0F705 /* QXViewController.h */,
				A94F9BC5183B730900C0F705 /* QXViewController.m */,
				A94F9BC7183B730900C0F705 /* Images.xcassets */,
				A94F9BB6183B730900C0F705 /* Supporting Files */,
			);
			path = Alert;
			sourceTree = "<group>";
		};
		A94F9BB6183B730900C0F705 /* Supporting Files */ = {
			isa = PBXGroup;
			children = (
				A94F9BB7183B730900C0F705 /* Alert-Info.plist */,
				A94F9BB8183B730900C0F705 /* InfoPlist.strings */,
				A94F9BBB183B730900C0F705 /* main.m */,
				A94F9BBD183B730900C0F705 /* Alert-Prefix.pch */,
			);
			name = "Supporting Files";
			sourceTree = "<group>";
		};
		A94F9BD4183B730A00C0F705 /* AlertTests */ = {
			isa = PBXGroup;
			children = (
				A94F9BDA183B730A00C0F705 /* AlertTests.m */,
				A94F9BD5183B730A00C0F705 /* Supporting Files */,
			);
			path = AlertTests;
			sourceTree = "<group>";
		};
		A94F9BD5183B730A00C0F705 /* Supporting Files */ = {
			isa = PBXGroup;
			children = (
				A94F9BD6183B730A00C0F705 /* AlertTests-Info.plist */,
				A94F9BD7183B730A00C0F705 /* InfoPlist.strings */,
			);
			name = "Supporting Files";
			sourceTree = "<group>";
		};
/* End PBXGroup section */

/* Begin PBXNativeTarget section */
		A94F9BAB183B730900C0F705 /* Alert */ = {
			isa = PBXNativeTarget;
			buildConfigurationList = A94F9BDE183B730A00C0F705 /* Build configuration list for PBXNativeTarget "Alert" */;
			buildPhases = (
				A94F9BA8183B730900C0F705 /* Sources */,
				A94F9BA9183B730900C0F705 /* Frameworks */,
				A94F9BAA183B730900C0F705 /* Resources */,
			);
			buildRules = (
			);
			dependencies = (
			);
			name = Alert;
			productName = Alert;
			productReference = A94F9BAC183B730900C0F705 /* Alert.app */;
			productType = "com.apple.product-type.application";
		};
		A94F9BCC183B730A00C0F705 /* AlertTests */ = {
			isa = PBXNativeTarget;
			buildConfigurationList = A94F9BE1183B730A00C0F705 /* Build configuration list for PBXNativeTarget "AlertTests" */;
			buildPhases = (
				A94F9BC9183B730A00C0F705 /* Sources */,
				A94F9BCA183B730A00C0F705 /* Frameworks */,
				A94F9BCB183B730A00C0F705 /* Resources */,
			);
			buildRules = (
			);
			dependencies = (
				A94F9BD3183B730A00C0F705 /* PBXTargetDependency */,
			);
			name = AlertTests;
			productName = AlertTests;
			productReference = A94F9BCD183B730A00C0F705 /* AlertTests.xctest */;
			productType = "com.apple.product-type.bundle.unit-test";
		};
/* End PBXNativeTarget section */

/* Begin PBXProject section */
		A94F9BA4183B730900C0F705 /* Project object */ = {
			isa = PBXProject;
			attributes = {
				CLASSPREFIX = QX;
				LastUpgradeCheck = 0500;
				ORGANIZATIONNAME = qq2xx;
				TargetAttributes = {
					A94F9BCC183B730A00C0F705 = {
						TestTargetID = A94F9BAB183B730900C0F705;
					};
				};
			};
			buildConfigurationList = A94F9BA7183B730900C0F705 /* Build configuration list for PBXProject "Alert" */;
			compatibilityVersion = "Xcode 3.2";
			developmentRegion = English;
			hasScannedForEncodings = 0;
			knownRegions = (
				en,
				Base,
			);
			mainGroup = A94F9BA3183B730900C0F705;
			productRefGroup = A94F9BAD183B730900C0F705 /* Products */;
			projectDirPath = "";
			projectRoot = "";
			targets = (
				A94F9BAB183B730900C0F705 /* Alert */,
				A94F9BCC183B730A00C0F705 /* AlertTests */,
			);
		};
/* End PBXProject section */

/* Begin PBXResourcesBuildPhase section */
		A94F9BAA183B730900C0F705 /* Resources */ = {
			isa = PBXResourcesBuildPhase;
			buildActionMask = 2147483647;
			files = (
				A94F9BC8183B730900C0F705 /* Images.xcassets in Resources */,
				A94F9BBA183B730900C0F705 /* InfoPlist.strings in Resources */,
				A94F9BC3183B730900C0F705 /* Main.storyboard in Resources */,
			);
			runOnlyForDeploymentPostprocessing = 0;
		};
		A94F9BCB183B730A00C0F705 /* Resources */ = {
			isa = PBXResourcesBuildPhase;
			buildActionMask = 2147483647;
			files = (
				A94F9BD9183B730A00C0F705 /* InfoPlist.strings in Resources */,
			);
			runOnlyForDeploymentPostprocessing = 0;
		};
/* End PBXResourcesBuildPhase section */

/* Begin PBXSourcesBuildPhase section */
		A94F9BA8183B730900C0F705 /* Sources */ = {
			isa = PBXSourcesBuildPhase;
			buildActionMask = 2147483647;
			files = (
				A94F9BBC183B730900C0F705 /* main.m in Sources */,
				A94F9BC0183B730900C0F705 /* QXAppDelegate.m in Sources */,
				A94F9BC6183B730900C0F705 /* QXViewController.m in Sources */,
			);
			runOnlyForDeploymentPostprocessing = 0;
		};
		A94F9BC9183B730A00C0F705 /* Sources */ = {
			isa = PBXSourcesBuildPhase;
			buildActionMask = 2147483647;
			files = (
				A94F9BDB183B730A00C0F705 /* AlertTests.m in Sources */,
			);
			runOnlyForDeploymentPostprocessing = 0;
		};
/* End PBXSourcesBuildPhase section */

/* Begin PBXTargetDependency section */
		A94F9BD3183B730A00C0F705 /* PBXTargetDependency */ = {
			isa = PBXTargetDependency;
			target = A94F9BAB183B730900C0F705 /* Alert */;
			targetProxy = A94F9BD2183B730A00C0F705 /* PBXContainerItemProxy */;
		};
/* End PBXTargetDependency section */

/* Begin PBXVariantGroup section */
		A94F9BB8183B730900C0F705 /* InfoPlist.strings */ = {
			isa = PBXVariantGroup;
			children = (
				A94F9BB9183B730900C0F705 /* en */,
			);
			name = InfoPlist.strings;
			sourceTree = "<group>";
		};
		A94F9BC1183B730900C0F705 /* Main.storyboard */ = {
			isa = PBXVariantGroup;
			children = (
				A94F9BC2183B730900C0F705 /* Base */,
			);
			name = Main.storyboard;
			sourceTree = "<group>";
		};
		A94F9BD7183B730A00C0F705 /* InfoPlist.strings */ = {
			isa = PBXVariantGroup;
			children = (
				A94F9BD8183B730A00C0F705 /* en */,
			);
			name = InfoPlist.strings;
			sourceTree = "<group>";
		};
/* End PBXVariantGroup section */

/* Begin XCBuildConfiguration section */
		A94F9BDC183B730A00C0F705 /* Debug */ = {
			isa = XCBuildConfiguration;
			buildSettings = {
				ALWAYS_SEARCH_USER_PATHS = NO;
				ARCHS = "$(ARCHS_STANDARD_INCLUDING_64_BIT)";
				CLANG_CXX_LANGUAGE_STANDARD = "gnu++0x";
				CLANG_CXX_LIBRARY = "libc++";
				CLANG_ENABLE_MODULES = YES;
				CLANG_ENABLE_OBJC_ARC = YES;
				CLANG_WARN_BOOL_CONVERSION = YES;
				CLANG_WARN_CONSTANT_CONVERSION = YES;
				CLANG_WARN_DIRECT_OBJC_ISA_USAGE = YES_ERROR;
				CLANG_WARN_EMPTY_BODY = YES;
				CLANG_WARN_ENUM_CONVERSION = YES;
				CLANG_WARN_INT_CONVERSION = YES;
				CLANG_WARN_OBJC_ROOT_CLASS = YES_ERROR;
				CLANG_WARN__DUPLICATE_METHOD_MATCH = YES;
				"CODE_SIGN_IDENTITY[sdk=iphoneos*]" = "iPhone Developer";
				COPY_PHASE_STRIP = NO;
				GCC_C_LANGUAGE_STANDARD = gnu99;
				GCC_DYNAMIC_NO_PIC = NO;
				GCC_OPTIMIZATION_LEVEL = 0;
				GCC_PREPROCESSOR_DEFINITIONS = (
					"DEBUG=1",
					"$(inherited)",
				);
				GCC_SYMBOLS_PRIVATE_EXTERN = NO;
				GCC_WARN_64_TO_32_BIT_CONVERSION = YES;
				GCC_WARN_ABOUT_RETURN_TYPE = YES_ERROR;
				GCC_WARN_UNDECLARED_SELECTOR = YES;
				GCC_WARN_UNINITIALIZED_AUTOS = YES;
				GCC_WARN_UNUSED_FUNCTION = YES;
				GCC_WARN_UNUSED_VARIABLE = YES;
				IPHONEOS_DEPLOYMENT_TARGET = 7.0;
				ONLY_ACTIVE_ARCH = YES;
				SDKROOT = iphoneos;
			};
			name = Debug;
		};
		A94F9BDD183B730A00C0F705 /* Release */ = {
			isa = XCBuildConfiguration;
			buildSettings = {
				ALWAYS_SEARCH_USER_PATHS = NO;
				ARCHS = "$(ARCHS_STANDARD_INCLUDING_64_BIT)";
				CLANG_CXX_LANGUAGE_STANDARD = "gnu++0x";
				CLANG_CXX_LIBRARY = "libc++";
				CLANG_ENABLE_MODULES = YES;
				CLANG_ENABLE_OBJC_ARC = YES;
				CLANG_WARN_BOOL_CONVERSION = YES;
				CLANG_WARN_CONSTANT_CONVERSION = YES;
				CLANG_WARN_DIRECT_OBJC_ISA_USAGE = YES_ERROR;
				CLANG_WARN_EMPTY_BODY = YES;
				CLANG_WARN_ENUM_CONVERSION = YES;
				CLANG_WARN_INT_CONVERSION = YES;
				CLANG_WARN_OBJC_ROOT_CLASS = YES_ERROR;
				CLANG_WARN__DUPLICATE_METHOD_MATCH = YES;
				"CODE_SIGN_IDENTITY[sdk=iphoneos*]" = "iPhone Developer";
				COPY_PHASE_STRIP = YES;
				ENABLE_NS_ASSERTIONS = NO;
				GCC_C_LANGUAGE_STANDARD = gnu99;
				GCC_WARN_64_TO_32_BIT_CONVERSION = YES;
				GCC_WARN_ABOUT_RETURN_TYPE = YES_ERROR;
				GCC_WARN_UNDECLARED_SELECTOR = YES;
				GCC_WARN_UNINITIALIZED_AUTOS = YES;
				GCC_WARN_UNUSED_FUNCTION = YES;
				GCC_WARN_UNUSED_VARIABLE = YES;
				IPHONEOS_DEPLOYMENT_TARGET = 7.0;
				SDKROOT = iphoneos;
				VALIDATE_PRODUCT = YES;
			};
			name = Release;
		};
		A94F9BDF183B730A00C0F705 /* Debug */ = {
			isa = XCBuildConfiguration;
			buildSettings = {
				ASSETCATALOG_COMPILER_APPICON_NAME = AppIcon;
				ASSETCATALOG_COMPILER_LAUNCHIMAGE_NAME = LaunchImage;
				GCC_PRECOMPILE_PREFIX_HEADER = YES;
				GCC_PREFIX_HEADER = "Alert/Alert-Prefix.pch";
				INFOPLIST_FILE = "Alert/Alert-Info.plist";
				PRODUCT_NAME = "$(TARGET_NAME)";
				WRAPPER_EXTENSION = app;
			};
			name = Debug;
		};
		A94F9BE0183B730A00C0F705 /* Release */ = {
			isa = XCBuildConfiguration;
			buildSettings = {
				ASSETCATALOG_COMPILER_APPICON_NAME = AppIcon;
				ASSETCATALOG_COMPILER_LAUNCHIMAGE_NAME = LaunchImage;
				GCC_PRECOMPILE_PREFIX_HEADER = YES;
				GCC_PREFIX_HEADER = "Alert/Alert-Prefix.pch";
				INFOPLIST_FILE = "Alert/Alert-Info.plist";
				PRODUCT_NAME = "$(TARGET_NAME)";
				WRAPPER_EXTENSION = app;
			};
			name = Release;
		};
		A94F9BE2183B730A00C0F705 /* Debug */ = {
			isa = XCBuildConfiguration;
			buildSettings = {
				ARCHS = "$(ARCHS_STANDARD_INCLUDING_64_BIT)";
				BUNDLE_LOADER = "$(BUILT_PRODUCTS_DIR)/Alert.app/Alert";
				FRAMEWORK_SEARCH_PATHS = (
					"$(SDKROOT)/Developer/Library/Frameworks",
					"$(inherited)",
					"$(DEVELOPER_FRAMEWORKS_DIR)",
				);
				GCC_PRECOMPILE_PREFIX_HEADER = YES;
				GCC_PREFIX_HEADER = "Alert/Alert-Prefix.pch";
				GCC_PREPROCESSOR_DEFINITIONS = (
					"DEBUG=1",
					"$(inherited)",
				);
				INFOPLIST_FILE = "AlertTests/AlertTests-Info.plist";
				PRODUCT_NAME = "$(TARGET_NAME)";
				TEST_HOST = "$(BUNDLE_LOADER)";
				WRAPPER_EXTENSION = xctest;
			};
			name = Debug;
		};
		A94F9BE3183B730A00C0F705 /* Release */ = {
			isa = XCBuildConfiguration;
			buildSettings = {
				ARCHS = "$(ARCHS_STANDARD_INCLUDING_64_BIT)";
				BUNDLE_LOADER = "$(BUILT_PRODUCTS_DIR)/Alert.app/Alert";
				FRAMEWORK_SEARCH_PATHS = (
					"$(SDKROOT)/Developer/Library/Frameworks",
					"$(inherited)",
					"$(DEVELOPER_FRAMEWORKS_DIR)",
				);
				GCC_PRECOMPILE_PREFIX_HEADER = YES;
				GCC_PREFIX_HEADER = "Alert/Alert-Prefix.pch";
				INFOPLIST_FILE = "AlertTests/AlertTests-Info.plist";
				PRODUCT_NAME = "$(TARGET_NAME)";
				TEST_HOST = "$(BUNDLE_LOADER)";
				WRAPPER_EXTENSION = xctest;
			};
			name = Release;
		};
/* End XCBuildConfiguration section */

/* Begin XCConfigurationList section */
		A94F9BA7183B730900C0F705 /* Build configuration list for PBXProject "Alert" */ = {
			isa = XCConfigurationList;
			buildConfigurations = (
				A94F9BDC183B730A00C0F705 /* Debug */,
				A94F9BDD183B730A00C0F705 /* Release */,
			);
			defaultConfigurationIsVisible = 0;
			defaultConfigurationName = Release;
		};
		A94F9BDE183B730A00C0F705 /* Build configuration list for PBXNativeTarget "Alert" */ = {
			isa = XCConfigurationList;
			buildConfigurations = (
				A94F9BDF183B730A00C0F705 /* Debug */,
				A94F9BE0183B730A00C0F705 /* Release */,
			);
			defaultConfigurationIsVisible = 0;
		};
		A94F9BE1183B730A00C0F705 /* Build configuration list for PBXNativeTarget "AlertTests" */ = {
			isa = XCConfigurationList;
			buildConfigurations = (
				A94F9BE2183B730A00C0F705 /* Debug */,
				A94F9BE3183B730A00C0F705 /* Release */,
			);
			defaultConfigurationIsVisible = 0;
		};
/* End XCConfigurationList section */
	};
	rootObject = A94F9BA4183B730900C0F705 /* Project object */;
}
